// !$*UTF8*$!
{
	archiveVersion = 1;
	classes = {
	};
	objectVersion = 56;
	objects = {

/* Begin PBXBuildFile section */
		947238222B5A75FD00359E70 /* LastShot.swift in Sources */ = {isa = PBXBuildFile; fileRef = 947238212B5A75FD00359E70 /* LastShot.swift */; };
		94E6E0332B52696400B0FA62 /* AppDelegate.swift in Sources */ = {isa = PBXBuildFile; fileRef = 94E6E0322B52696400B0FA62 /* AppDelegate.swift */; };
		94E6E0352B52696400B0FA62 /* SceneDelegate.swift in Sources */ = {isa = PBXBuildFile; fileRef = 94E6E0342B52696400B0FA62 /* SceneDelegate.swift */; };
		94E6E0372B52696400B0FA62 /* ViewController.swift in Sources */ = {isa = PBXBuildFile; fileRef = 94E6E0362B52696400B0FA62 /* ViewController.swift */; };
		94E6E03A2B52696400B0FA62 /* Main.storyboard in Resources */ = {isa = PBXBuildFile; fileRef = 94E6E0382B52696400B0FA62 /* Main.storyboard */; };
		94E6E03C2B52696500B0FA62 /* Assets.xcassets in Resources */ = {isa = PBXBuildFile; fileRef = 94E6E03B2B52696500B0FA62 /* Assets.xcassets */; };
		94E6E03F2B52696500B0FA62 /* LaunchScreen.storyboard in Resources */ = {isa = PBXBuildFile; fileRef = 94E6E03D2B52696500B0FA62 /* LaunchScreen.storyboard */; };
		94E6E0472B52A23700B0FA62 /* CameraViewController.swift in Sources */ = {isa = PBXBuildFile; fileRef = 94E6E0462B52A23700B0FA62 /* CameraViewController.swift */; };
/* End PBXBuildFile section */

/* Begin PBXFileReference section */
		947238212B5A75FD00359E70 /* LastShot.swift */ = {isa = PBXFileReference; lastKnownFileType = sourcecode.swift; path = LastShot.swift; sourceTree = "<group>"; };
		94E6E02F2B52696400B0FA62 /* modul2Lesson10.app */ = {isa = PBXFileReference; explicitFileType = wrapper.application; includeInIndex = 0; path = modul2Lesson10.app; sourceTree = BUILT_PRODUCTS_DIR; };
		94E6E0322B52696400B0FA62 /* AppDelegate.swift */ = {isa = PBXFileReference; lastKnownFileType = sourcecode.swift; path = AppDelegate.swift; sourceTree = "<group>"; };
		94E6E0342B52696400B0FA62 /* SceneDelegate.swift */ = {isa = PBXFileReference; lastKnownFileType = sourcecode.swift; path = SceneDelegate.swift; sourceTree = "<group>"; };
		94E6E0362B52696400B0FA62 /* ViewController.swift */ = {isa = PBXFileReference; lastKnownFileType = sourcecode.swift; path = ViewController.swift; sourceTree = "<group>"; };
		94E6E0392B52696400B0FA62 /* Base */ = {isa = PBXFileReference; lastKnownFileType = file.storyboard; name = Base; path = Base.lproj/Main.storyboard; sourceTree = "<group>"; };
		94E6E03B2B52696500B0FA62 /* Assets.xcassets */ = {isa = PBXFileReference; lastKnownFileType = folder.assetcatalog; path = Assets.xcassets; sourceTree = "<group>"; };
		94E6E03E2B52696500B0FA62 /* Base */ = {isa = PBXFileReference; lastKnownFileType = file.storyboard; name = Base; path = Base.lproj/LaunchScreen.storyboard; sourceTree = "<group>"; };
		94E6E0402B52696600B0FA62 /* Info.plist */ = {isa = PBXFileReference; lastKnownFileType = text.plist.xml; path = Info.plist; sourceTree = "<group>"; };
		94E6E0462B52A23700B0FA62 /* CameraViewController.swift */ = {isa = PBXFileReference; lastKnownFileType = sourcecode.swift; path = CameraViewController.swift; sourceTree = "<group>"; };
/* End PBXFileReference section */

/* Begin PBXFrameworksBuildPhase section */
		94E6E02C2B52696400B0FA62 /* Frameworks */ = {
			isa = PBXFrameworksBuildPhase;
			buildActionMask = 2147483647;
			files = (
			);
			runOnlyForDeploymentPostprocessing = 0;
		};
/* End PBXFrameworksBuildPhase section */

/* Begin PBXGroup section */
		94E6E0262B52696400B0FA62 = {
			isa = PBXGroup;
			children = (
				94E6E0312B52696400B0FA62 /* modul2Lesson10 */,
				94E6E0302B52696400B0FA62 /* Products */,
			);
			sourceTree = "<group>";
		};
		94E6E0302B52696400B0FA62 /* Products */ = {
			isa = PBXGroup;
			children = (
				94E6E02F2B52696400B0FA62 /* modul2Lesson10.app */,
			);
			name = Products;
			sourceTree = "<group>";
		};
		94E6E0312B52696400B0FA62 /* modul2Lesson10 */ = {
			isa = PBXGroup;
			children = (
				94E6E0322B52696400B0FA62 /* AppDelegate.swift */,
				94E6E0342B52696400B0FA62 /* SceneDelegate.swift */,
				94E6E0362B52696400B0FA62 /* ViewController.swift */,
				94E6E0462B52A23700B0FA62 /* CameraViewController.swift */,
				947238212B5A75FD00359E70 /* LastShot.swift */,
				94E6E0382B52696400B0FA62 /* Main.storyboard */,
				94E6E03B2B52696500B0FA62 /* Assets.xcassets */,
				94E6E03D2B52696500B0FA62 /* LaunchScreen.storyboard */,
				94E6E0402B52696600B0FA62 /* Info.plist */,
			);
			path = modul2Lesson10;
			sourceTree = "<group>";
		};
/* End PBXGroup section */

/* Begin PBXNativeTarget section */
		94E6E02E2B52696400B0FA62 /* modul2Lesson10 */ = {
			isa = PBXNativeTarget;
			buildConfigurationList = 94E6E0432B52696600B0FA62 /* Build configuration list for PBXNativeTarget "modul2Lesson10" */;
			buildPhases = (
				94E6E02B2B52696400B0FA62 /* Sources */,
				94E6E02C2B52696400B0FA62 /* Frameworks */,
				94E6E02D2B52696400B0FA62 /* Resources */,
			);
			buildRules = (
			);
			dependencies = (
			);
			name = modul2Lesson10;
			productName = modul2Lesson10;
			productReference = 94E6E02F2B52696400B0FA62 /* modul2Lesson10.app */;
			productType = "com.apple.product-type.application";
		};
/* End PBXNativeTarget section */

/* Begin PBXProject section */
		94E6E0272B52696400B0FA62 /* Project object */ = {
			isa = PBXProject;
			attributes = {
				BuildIndependentTargetsInParallel = 1;
				LastSwiftUpdateCheck = 1510;
				LastUpgradeCheck = 1510;
				TargetAttributes = {
					94E6E02E2B52696400B0FA62 = {
						CreatedOnToolsVersion = 15.1;
					};
				};
			};
			buildConfigurationList = 94E6E02A2B52696400B0FA62 /* Build configuration list for PBXProject "modul2Lesson10" */;
			compatibilityVersion = "Xcode 14.0";
			developmentRegion = en;
			hasScannedForEncodings = 0;
			knownRegions = (
				en,
				Base,
			);
			mainGroup = 94E6E0262B52696400B0FA62;
			productRefGroup = 94E6E0302B52696400B0FA62 /* Products */;
			projectDirPath = "";
			projectRoot = "";
			targets = (
				94E6E02E2B52696400B0FA62 /* modul2Lesson10 */,
			);
		};
/* End PBXProject section */

/* Begin PBXResourcesBuildPhase section */
		94E6E02D2B52696400B0FA62 /* Resources */ = {
			isa = PBXResourcesBuildPhase;
			buildActionMask = 2147483647;
			files = (
				94E6E03F2B52696500B0FA62 /* LaunchScreen.storyboard in Resources */,
				94E6E03C2B52696500B0FA62 /* Assets.xcassets in Resources */,
				94E6E03A2B52696400B0FA62 /* Main.storyboard in Resources */,
			);
			runOnlyForDeploymentPostprocessing = 0;
		};
/* End PBXResourcesBuildPhase section */

/* Begin PBXSourcesBuildPhase section */
		94E6E02B2B52696400B0FA62 /* Sources */ = {
			isa = PBXSourcesBuildPhase;
			buildActionMask = 2147483647;
			files = (
				947238222B5A75FD00359E70 /* LastShot.swift in Sources */,
				94E6E0372B52696400B0FA62 /* ViewController.swift in Sources */,
				94E6E0472B52A23700B0FA62 /* CameraViewController.swift in Sources */,
				94E6E0332B52696400B0FA62 /* AppDelegate.swift in Sources */,
				94E6E0352B52696400B0FA62 /* SceneDelegate.swift in Sources */,
			);
			runOnlyForDeploymentPostprocessing = 0;
		};
/* End PBXSourcesBuildPhase section */

/* Begin PBXVariantGroup section */
		94E6E0382B52696400B0FA62 /* Main.storyboard */ = {
			isa = PBXVariantGroup;
			children = (
				94E6E0392B52696400B0FA62 /* Base */,
			);
			name = Main.storyboard;
			sourceTree = "<group>";
		};
		94E6E03D2B52696500B0FA62 /* LaunchScreen.storyboard */ = {
			isa = PBXVariantGroup;
			children = (
				94E6E03E2B52696500B0FA62 /* Base */,
			);
			name = LaunchScreen.storyboard;
			sourceTree = "<group>";
		};
/* End PBXVariantGroup section */

/* Begin XCBuildConfiguration section */
		94E6E0412B52696600B0FA62 /* Debug */ = {
			isa = XCBuildConfiguration;
			buildSettings = {
				ALWAYS_SEARCH_USER_PATHS = NO;
				ASSETCATALOG_COMPILER_GENERATE_SWIFT_ASSET_SYMBOL_EXTENSIONS = YES;
				CLANG_ANALYZER_NONNULL = YES;
				CLANG_ANALYZER_NUMBER_OBJECT_CONVERSION = YES_AGGRESSIVE;
				CLANG_CXX_LANGUAGE_STANDARD = "gnu++20";
				CLANG_ENABLE_MODULES = YES;
				CLANG_ENABLE_OBJC_ARC = YES;
				CLANG_ENABLE_OBJC_WEAK = YES;
				CLANG_WARN_BLOCK_CAPTURE_AUTORELEASING = YES;
				CLANG_WARN_BOOL_CONVERSION = YES;
				CLANG_WARN_COMMA = YES;
				CLANG_WARN_CONSTANT_CONVERSION = YES;
				CLANG_WARN_DEPRECATED_OBJC_IMPLEMENTATIONS = YES;
				CLANG_WARN_DIRECT_OBJC_ISA_USAGE = YES_ERROR;
				CLANG_WARN_DOCUMENTATION_COMMENTS = YES;
				CLANG_WARN_EMPTY_BODY = YES;
				CLANG_WARN_ENUM_CONVERSION = YES;
				CLANG_WARN_INFINITE_RECURSION = YES;
				CLANG_WARN_INT_CONVERSION = YES;
				CLANG_WARN_NON_LITERAL_NULL_CONVERSION = YES;
				CLANG_WARN_OBJC_IMPLICIT_RETAIN_SELF = YES;
				CLANG_WARN_OBJC_LITERAL_CONVERSION = YES;
				CLANG_WARN_OBJC_ROOT_CLASS = YES_ERROR;
				CLANG_WARN_QUOTED_INCLUDE_IN_FRAMEWORK_HEADER = YES;
				CLANG_WARN_RANGE_LOOP_ANALYSIS = YES;
				CLANG_WARN_STRICT_PROTOTYPES = YES;
				CLANG_WARN_SUSPICIOUS_MOVE = YES;
				CLANG_WARN_UNGUARDED_AVAILABILITY = YES_AGGRESSIVE;
				CLANG_WARN_UNREACHABLE_CODE = YES;
				CLANG_WARN__DUPLICATE_METHOD_MATCH = YES;
				COPY_PHASE_STRIP = NO;
				DEBUG_INFORMATION_FORMAT = dwarf;
				ENABLE_STRICT_OBJC_MSGSEND = YES;
				ENABLE_TESTABILITY = YES;
				ENABLE_USER_SCRIPT_SANDBOXING = YES;
				GCC_C_LANGUAGE_STANDARD = gnu17;
				GCC_DYNAMIC_NO_PIC = NO;
				GCC_NO_COMMON_BLOCKS = YES;
				GCC_OPTIMIZATION_LEVEL = 0;
				GCC_PREPROCESSOR_DEFINITIONS = (
					"DEBUG=1",
					"$(inherited)",
				);
				GCC_WARN_64_TO_32_BIT_CONVERSION = YES;
				GCC_WARN_ABOUT_RETURN_TYPE = YES_ERROR;
				GCC_WARN_UNDECLARED_SELECTOR = YES;
				GCC_WARN_UNINITIALIZED_AUTOS = YES_AGGRESSIVE;
				GCC_WARN_UNUSED_FUNCTION = YES;
				GCC_WARN_UNUSED_VARIABLE = YES;
				IPHONEOS_DEPLOYMENT_TARGET = 17.2;
				LOCALIZATION_PREFERS_STRING_CATALOGS = YES;
				MTL_ENABLE_DEBUG_INFO = INCLUDE_SOURCE;
				MTL_FAST_MATH = YES;
				ONLY_ACTIVE_ARCH = YES;
				SDKROOT = iphoneos;
				SWIFT_ACTIVE_COMPILATION_CONDITIONS = "DEBUG $(inherited)";
				SWIFT_OPTIMIZATION_LEVEL = "-Onone";
			};
			name = Debug;
		};
		94E6E0422B52696600B0FA62 /* Release */ = {
			isa = XCBuildConfiguration;
			buildSettings = {
				ALWAYS_SEARCH_USER_PATHS = NO;
				ASSETCATALOG_COMPILER_GENERATE_SWIFT_ASSET_SYMBOL_EXTENSIONS = YES;
				CLANG_ANALYZER_NONNULL = YES;
				CLANG_ANALYZER_NUMBER_OBJECT_CONVERSION = YES_AGGRESSIVE;
				CLANG_CXX_LANGUAGE_STANDARD = "gnu++20";
				CLANG_ENABLE_MODULES = YES;
				CLANG_ENABLE_OBJC_ARC = YES;
				CLANG_ENABLE_OBJC_WEAK = YES;
				CLANG_WARN_BLOCK_CAPTURE_AUTORELEASING = YES;
				CLANG_WARN_BOOL_CONVERSION = YES;
				CLANG_WARN_COMMA = YES;
				CLANG_WARN_CONSTANT_CONVERSION = YES;
				CLANG_WARN_DEPRECATED_OBJC_IMPLEMENTATIONS = YES;
				CLANG_WARN_DIRECT_OBJC_ISA_USAGE = YES_ERROR;
				CLANG_WARN_DOCUMENTATION_COMMENTS = YES;
				CLANG_WARN_EMPTY_BODY = YES;
				CLANG_WARN_ENUM_CONVERSION = YES;
				CLANG_WARN_INFINITE_RECURSION = YES;
				CLANG_WARN_INT_CONVERSION = YES;
				CLANG_WARN_NON_LITERAL_NULL_CONVERSION = YES;
				CLANG_WARN_OBJC_IMPLICIT_RETAIN_SELF = YES;
				CLANG_WARN_OBJC_LITERAL_CONVERSION = YES;
				CLANG_WARN_OBJC_ROOT_CLASS = YES_ERROR;
				CLANG_WARN_QUOTED_INCLUDE_IN_FRAMEWORK_HEADER = YES;
				CLANG_WARN_RANGE_LOOP_ANALYSIS = YES;
				CLANG_WARN_STRICT_PROTOTYPES = YES;
				CLANG_WARN_SUSPICIOUS_MOVE = YES;
				CLANG_WARN_UNGUARDED_AVAILABILITY = YES_AGGRESSIVE;
				CLANG_WARN_UNREACHABLE_CODE = YES;
				CLANG_WARN__DUPLICATE_METHOD_MATCH = YES;
				COPY_PHASE_STRIP = NO;
				DEBUG_INFORMATION_FORMAT = "dwarf-with-dsym";
				ENABLE_NS_ASSERTIONS = NO;
				ENABLE_STRICT_OBJC_MSGSEND = YES;
				ENABLE_USER_SCRIPT_SANDBOXING = YES;
				GCC_C_LANGUAGE_STANDARD = gnu17;
				GCC_NO_COMMON_BLOCKS = YES;
				GCC_WARN_64_TO_32_BIT_CONVERSION = YES;
				GCC_WARN_ABOUT_RETURN_TYPE = YES_ERROR;
				GCC_WARN_UNDECLARED_SELECTOR = YES;
				GCC_WARN_UNINITIALIZED_AUTOS = YES_AGGRESSIVE;
				GCC_WARN_UNUSED_FUNCTION = YES;
				GCC_WARN_UNUSED_VARIABLE = YES;
				IPHONEOS_DEPLOYMENT_TARGET = 17.2;
				LOCALIZATION_PREFERS_STRING_CATALOGS = YES;
				MTL_ENABLE_DEBUG_INFO = NO;
				MTL_FAST_MATH = YES;
				SDKROOT = iphoneos;
				SWIFT_COMPILATION_MODE = wholemodule;
				VALIDATE_PRODUCT = YES;
			};
			name = Release;
		};
		94E6E0442B52696600B0FA62 /* Debug */ = {
			isa = XCBuildConfiguration;
			buildSettings = {
				ASSETCATALOG_COMPILER_APPICON_NAME = AppIcon;
				ASSETCATALOG_COMPILER_GLOBAL_ACCENT_COLOR_NAME = AccentColor;
				CODE_SIGN_STYLE = Automatic;
				CURRENT_PROJECT_VERSION = 1;
				DEVELOPMENT_TEAM = 43X29FT2L9;
				GENERATE_INFOPLIST_FILE = YES;
				INFOPLIST_FILE = modul2Lesson10/Info.plist;
				INFOPLIST_KEY_NSCameraUsageDescription = "Acces to camera";
				INFOPLIST_KEY_NSMicrophoneUsageDescription = "Acces to camera";
				INFOPLIST_KEY_NSPhotoLibraryAddUsageDescription = "доступ к фотогаллерее";
				INFOPLIST_KEY_UIApplicationSupportsIndirectInputEvents = YES;
				INFOPLIST_KEY_UILaunchStoryboardName = LaunchScreen;
				INFOPLIST_KEY_UIMainStoryboardFile = Main;
				INFOPLIST_KEY_UISupportedInterfaceOrientations = UIInterfaceOrientationPortrait;
				INFOPLIST_KEY_UISupportedInterfaceOrientations_iPad = "UIInterfaceOrientationLandscapeLeft UIInterfaceOrientationLandscapeRight UIInterfaceOrientationPortrait UIInterfaceOrientationPortraitUpsideDown";
				IPHONEOS_DEPLOYMENT_TARGET = 16.0;
				LD_RUNPATH_SEARCH_PATHS = (
					"$(inherited)",
					"@executable_path/Frameworks",
				);
				MARKETING_VERSION = 1.0;
				PRODUCT_BUNDLE_IDENTIFIER = com.klaatuka.modul2Lesson10;
				PRODUCT_NAME = "$(TARGET_NAME)";
				SWIFT_EMIT_LOC_STRINGS = YES;
				SWIFT_VERSION = 5.0;
				TARGETED_DEVICE_FAMILY = "1,2";
			};
			name = Debug;
		};
		94E6E0452B52696600B0FA62 /* Release */ = {
			isa = XCBuildConfiguration;
			buildSettings = {
				ASSETCATALOG_COMPILER_APPICON_NAME = AppIcon;
				ASSETCATALOG_COMPILER_GLOBAL_ACCENT_COLOR_NAME = AccentColor;
				CODE_SIGN_STYLE = Automatic;
				CURRENT_PROJECT_VERSION = 1;
				DEVELOPMENT_TEAM = 43X29FT2L9;
				GENERATE_INFOPLIST_FILE = YES;
				INFOPLIST_FILE = modul2Lesson10/Info.plist;
				INFOPLIST_KEY_NSCameraUsageDescription = "Acces to camera";
				INFOPLIST_KEY_NSMicrophoneUsageDescription = "Acces to camera";
				INFOPLIST_KEY_NSPhotoLibraryAddUsageDescription = "доступ к фотогаллерее";
				INFOPLIST_KEY_UIApplicationSupportsIndirectInputEvents = YES;
				INFOPLIST_KEY_UILaunchStoryboardName = LaunchScreen;
				INFOPLIST_KEY_UIMainStoryboardFile = Main;
				INFOPLIST_KEY_UISupportedInterfaceOrientations = UIInterfaceOrientationPortrait;
				INFOPLIST_KEY_UISupportedInterfaceOrientations_iPad = "UIInterfaceOrientationLandscapeLeft UIInterfaceOrientationLandscapeRight UIInterfaceOrientationPortrait UIInterfaceOrientationPortraitUpsideDown";
				IPHONEOS_DEPLOYMENT_TARGET = 16.0;
				LD_RUNPATH_SEARCH_PATHS = (
					"$(inherited)",
					"@executable_path/Frameworks",
				);
				MARKETING_VERSION = 1.0;
				PRODUCT_BUNDLE_IDENTIFIER = com.klaatuka.modul2Lesson10;
				PRODUCT_NAME = "$(TARGET_NAME)";
				SWIFT_EMIT_LOC_STRINGS = YES;
				SWIFT_VERSION = 5.0;
				TARGETED_DEVICE_FAMILY = "1,2";
			};
			name = Release;
		};
/* End XCBuildConfiguration section */

/* Begin XCConfigurationList section */
		94E6E02A2B52696400B0FA62 /* Build configuration list for PBXProject "modul2Lesson10" */ = {
			isa = XCConfigurationList;
			buildConfigurations = (
				94E6E0412B52696600B0FA62 /* Debug */,
				94E6E0422B52696600B0FA62 /* Release */,
			);
			defaultConfigurationIsVisible = 0;
			defaultConfigurationName = Release;
		};
		94E6E0432B52696600B0FA62 /* Build configuration list for PBXNativeTarget "modul2Lesson10" */ = {
			isa = XCConfigurationList;
			buildConfigurations = (
				94E6E0442B52696600B0FA62 /* Debug */,
				94E6E0452B52696600B0FA62 /* Release */,
			);
			defaultConfigurationIsVisible = 0;
			defaultConfigurationName = Release;
		};
/* End XCConfigurationList section */
	};
	rootObject = 94E6E0272B52696400B0FA62 /* Project object */;
}
